
Microsoft Visual Studio Solution File, Format Version 12.00
# Visual Studio Version 17
VisualStudioVersion = 17.12.35506.116
MinimumVisualStudioVersion = 10.0.40219.1
Project("{9A19103F-16F7-4668-BE54-9A1E7A4F7556}") = "MakebA_Inven_System", "MakebA_Inven_System.csproj", "{A55B2C07-CD65-4BDD-8893-0C58163E1CFE}"
EndProject
Global
	GlobalSection(SolutionConfigurationPlatforms) = preSolution
		Debug|Any CPU = Debug|Any CPU
		Release|Any CPU = Release|Any CPU
	EndGlobalSection
	GlobalSection(ProjectConfigurationPlatforms) = postSolution
		{A55B2C07-CD65-4BDD-8893-0C58163E1CFE}.Debug|Any CPU.ActiveCfg = Debug|Any CPU
		{A55B2C07-CD65-4BDD-8893-0C58163E1CFE}.Debug|Any CPU.Build.0 = Debug|Any CPU
		{A55B2C07-CD65-4BDD-8893-0C58163E1CFE}.Release|Any CPU.ActiveCfg = Release|Any CPU
		{A55B2C07-CD65-4BDD-8893-0C58163E1CFE}.Release|Any CPU.Build.0 = Release|Any CPU
	EndGlobalSection
	GlobalSection(SolutionProperties) = preSolution
		HideSolutionNode = FALSE
	EndGlobalSection
	GlobalSection(ExtensibilityGlobals) = postSolution
		SolutionGuid = {F0902469-D4C6-46FA-8DC1-D83176A77FAB}
	EndGlobalSection
EndGlobal
